// !$*UTF8*$!
{
	archiveVersion = 1;
	classes = {
	};
	objectVersion = 46;
	objects = {

/* Begin PBXBuildFile section */
		1C5DAF131CBD6C640021B65E /* main.m in Sources */ = {isa = PBXBuildFile; fileRef = 1C5DAF121CBD6C640021B65E /* main.m */; };
		1C5DAF161CBD6C640021B65E /* AppDelegate.m in Sources */ = {isa = PBXBuildFile; fileRef = 1C5DAF151CBD6C640021B65E /* AppDelegate.m */; };
		1C5DAF191CBD6C640021B65E /* ViewController.m in Sources */ = {isa = PBXBuildFile; fileRef = 1C5DAF181CBD6C640021B65E /* ViewController.m */; };
		1C5DAF1C1CBD6C640021B65E /* Main.storyboard in Resources */ = {isa = PBXBuildFile; fileRef = 1C5DAF1A1CBD6C640021B65E /* Main.storyboard */; };
		1C5DAF1E1CBD6C640021B65E /* Assets.xcassets in Resources */ = {isa = PBXBuildFile; fileRef = 1C5DAF1D1CBD6C640021B65E /* Assets.xcassets */; };
		1C5DAF211CBD6C640021B65E /* LaunchScreen.storyboard in Resources */ = {isa = PBXBuildFile; fileRef = 1C5DAF1F1CBD6C640021B65E /* LaunchScreen.storyboard */; };
		1C5DAF2C1CBD6C640021B65E /* Pixel_Color_ChangingTests.m in Sources */ = {isa = PBXBuildFile; fileRef = 1C5DAF2B1CBD6C640021B65E /* Pixel_Color_ChangingTests.m */; };
		1C5DAF371CBD6C640021B65E /* Pixel_Color_ChangingUITests.m in Sources */ = {isa = PBXBuildFile; fileRef = 1C5DAF361CBD6C640021B65E /* Pixel_Color_ChangingUITests.m */; };
		1C5DAF4A1CBD88930021B65E /* img.png in Resources */ = {isa = PBXBuildFile; fileRef = 1C5DAF481CBD88930021B65E /* img.png */; };
		1C5DAF4B1CBD88930021B65E /* img2.png in Resources */ = {isa = PBXBuildFile; fileRef = 1C5DAF491CBD88930021B65E /* img2.png */; };
/* End PBXBuildFile section */

/* Begin PBXContainerItemProxy section */
		1C5DAF281CBD6C640021B65E /* PBXContainerItemProxy */ = {
			isa = PBXContainerItemProxy;
			containerPortal = 1C5DAF061CBD6C640021B65E /* Project object */;
			proxyType = 1;
			remoteGlobalIDString = 1C5DAF0D1CBD6C640021B65E;
			remoteInfo = "Pixel Color Changing";
		};
		1C5DAF331CBD6C640021B65E /* PBXContainerItemProxy */ = {
			isa = PBXContainerItemProxy;
			containerPortal = 1C5DAF061CBD6C640021B65E /* Project object */;
			proxyType = 1;
			remoteGlobalIDString = 1C5DAF0D1CBD6C640021B65E;
			remoteInfo = "Pixel Color Changing";
		};
/* End PBXContainerItemProxy section */

/* Begin PBXFileReference section */
		1C5DAF0E1CBD6C640021B65E /* Pixel Color Changing.app */ = {isa = PBXFileReference; explicitFileType = wrapper.application; includeInIndex = 0; path = "Pixel Color Changing.app"; sourceTree = BUILT_PRODUCTS_DIR; };
		1C5DAF121CBD6C640021B65E /* main.m */ = {isa = PBXFileReference; lastKnownFileType = sourcecode.c.objc; path = main.m; sourceTree = "<group>"; };
		1C5DAF141CBD6C640021B65E /* AppDelegate.h */ = {isa = PBXFileReference; lastKnownFileType = sourcecode.c.h; path = AppDelegate.h; sourceTree = "<group>"; };
		1C5DAF151CBD6C640021B65E /* AppDelegate.m */ = {isa = PBXFileReference; lastKnownFileType = sourcecode.c.objc; path = AppDelegate.m; sourceTree = "<group>"; };
		1C5DAF171CBD6C640021B65E /* ViewController.h */ = {isa = PBXFileReference; lastKnownFileType = sourcecode.c.h; path = ViewController.h; sourceTree = "<group>"; };
		1C5DAF181CBD6C640021B65E /* ViewController.m */ = {isa = PBXFileReference; lastKnownFileType = sourcecode.c.objc; path = ViewController.m; sourceTree = "<group>"; };
		1C5DAF1B1CBD6C640021B65E /* Base */ = {isa = PBXFileReference; lastKnownFileType = file.storyboard; name = Base; path = Base.lproj/Main.storyboard; sourceTree = "<group>"; };
		1C5DAF1D1CBD6C640021B65E /* Assets.xcassets */ = {isa = PBXFileReference; lastKnownFileType = folder.assetcatalog; path = Assets.xcassets; sourceTree = "<group>"; };
		1C5DAF201CBD6C640021B65E /* Base */ = {isa = PBXFileReference; lastKnownFileType = file.storyboard; name = Base; path = Base.lproj/LaunchScreen.storyboard; sourceTree = "<group>"; };
		1C5DAF221CBD6C640021B65E /* Info.plist */ = {isa = PBXFileReference; lastKnownFileType = text.plist.xml; path = Info.plist; sourceTree = "<group>"; };
		1C5DAF271CBD6C640021B65E /* Pixel Color ChangingTests.xctest */ = {isa = PBXFileReference; explicitFileType = wrapper.cfbundle; includeInIndex = 0; path = "Pixel Color ChangingTests.xctest"; sourceTree = BUILT_PRODUCTS_DIR; };
		1C5DAF2B1CBD6C640021B65E /* Pixel_Color_ChangingTests.m */ = {isa = PBXFileReference; lastKnownFileType = sourcecode.c.objc; path = Pixel_Color_ChangingTests.m; sourceTree = "<group>"; };
		1C5DAF2D1CBD6C640021B65E /* Info.plist */ = {isa = PBXFileReference; lastKnownFileType = text.plist.xml; path = Info.plist; sourceTree = "<group>"; };
		1C5DAF321CBD6C640021B65E /* Pixel Color ChangingUITests.xctest */ = {isa = PBXFileReference; explicitFileType = wrapper.cfbundle; includeInIndex = 0; path = "Pixel Color ChangingUITests.xctest"; sourceTree = BUILT_PRODUCTS_DIR; };
		1C5DAF361CBD6C640021B65E /* Pixel_Color_ChangingUITests.m */ = {isa = PBXFileReference; lastKnownFileType = sourcecode.c.objc; path = Pixel_Color_ChangingUITests.m; sourceTree = "<group>"; };
		1C5DAF381CBD6C640021B65E /* Info.plist */ = {isa = PBXFileReference; lastKnownFileType = text.plist.xml; path = Info.plist; sourceTree = "<group>"; };
		1C5DAF481CBD88930021B65E /* img.png */ = {isa = PBXFileReference; lastKnownFileType = image.png; path = img.png; sourceTree = SOURCE_ROOT; };
		1C5DAF491CBD88930021B65E /* img2.png */ = {isa = PBXFileReference; lastKnownFileType = image.png; path = img2.png; sourceTree = SOURCE_ROOT; };
/* End PBXFileReference section */

/* Begin PBXFrameworksBuildPhase section */
		1C5DAF0B1CBD6C640021B65E /* Frameworks */ = {
			isa = PBXFrameworksBuildPhase;
			buildActionMask = 2147483647;
			files = (
			);
			runOnlyForDeploymentPostprocessing = 0;
		};
		1C5DAF241CBD6C640021B65E /* Frameworks */ = {
			isa = PBXFrameworksBuildPhase;
			buildActionMask = 2147483647;
			files = (
			);
			runOnlyForDeploymentPostprocessing = 0;
		};
		1C5DAF2F1CBD6C640021B65E /* Frameworks */ = {
			isa = PBXFrameworksBuildPhase;
			buildActionMask = 2147483647;
			files = (
			);
			runOnlyForDeploymentPostprocessing = 0;
		};
/* End PBXFrameworksBuildPhase section */

/* Begin PBXGroup section */
		1C5DAF051CBD6C640021B65E = {
			isa = PBXGroup;
			children = (
				1C5DAF101CBD6C640021B65E /* Pixel Color Changing */,
				1C5DAF2A1CBD6C640021B65E /* Pixel Color ChangingTests */,
				1C5DAF351CBD6C640021B65E /* Pixel Color ChangingUITests */,
				1C5DAF0F1CBD6C640021B65E /* Products */,
			);
			sourceTree = "<group>";
		};
		1C5DAF0F1CBD6C640021B65E /* Products */ = {
			isa = PBXGroup;
			children = (
				1C5DAF0E1CBD6C640021B65E /* Pixel Color Changing.app */,
				1C5DAF271CBD6C640021B65E /* Pixel Color ChangingTests.xctest */,
				1C5DAF321CBD6C640021B65E /* Pixel Color ChangingUITests.xctest */,
			);
			name = Products;
			sourceTree = "<group>";
		};
		1C5DAF101CBD6C640021B65E /* Pixel Color Changing */ = {
			isa = PBXGroup;
			children = (
				1C5DAF141CBD6C640021B65E /* AppDelegate.h */,
				1C5DAF151CBD6C640021B65E /* AppDelegate.m */,
				1C5DAF171CBD6C640021B65E /* ViewController.h */,
				1C5DAF181CBD6C640021B65E /* ViewController.m */,
				1C5DAF481CBD88930021B65E /* img.png */,
				1C5DAF491CBD88930021B65E /* img2.png */,
				1C5DAF1A1CBD6C640021B65E /* Main.storyboard */,
				1C5DAF1D1CBD6C640021B65E /* Assets.xcassets */,
				1C5DAF1F1CBD6C640021B65E /* LaunchScreen.storyboard */,
				1C5DAF221CBD6C640021B65E /* Info.plist */,
				1C5DAF111CBD6C640021B65E /* Supporting Files */,
			);
			path = "Pixel Color Changing";
			sourceTree = "<group>";
		};
		1C5DAF111CBD6C640021B65E /* Supporting Files */ = {
			isa = PBXGroup;
			children = (
				1C5DAF121CBD6C640021B65E /* main.m */,
			);
			name = "Supporting Files";
			sourceTree = "<group>";
		};
		1C5DAF2A1CBD6C640021B65E /* Pixel Color ChangingTests */ = {
			isa = PBXGroup;
			children = (
				1C5DAF2B1CBD6C640021B65E /* Pixel_Color_ChangingTests.m */,
				1C5DAF2D1CBD6C640021B65E /* Info.plist */,
			);
			path = "Pixel Color ChangingTests";
			sourceTree = "<group>";
		};
		1C5DAF351CBD6C640021B65E /* Pixel Color ChangingUITests */ = {
			isa = PBXGroup;
			children = (
				1C5DAF361CBD6C640021B65E /* Pixel_Color_ChangingUITests.m */,
				1C5DAF381CBD6C640021B65E /* Info.plist */,
			);
			path = "Pixel Color ChangingUITests";
			sourceTree = "<group>";
		};
/* End PBXGroup section */

/* Begin PBXNativeTarget section */
		1C5DAF0D1CBD6C640021B65E /* Pixel Color Changing */ = {
			isa = PBXNativeTarget;
			buildConfigurationList = 1C5DAF3B1CBD6C640021B65E /* Build configuration list for PBXNativeTarget "Pixel Color Changing" */;
			buildPhases = (
				1C5DAF0A1CBD6C640021B65E /* Sources */,
				1C5DAF0B1CBD6C640021B65E /* Frameworks */,
				1C5DAF0C1CBD6C640021B65E /* Resources */,
			);
			buildRules = (
			);
			dependencies = (
			);
			name = "Pixel Color Changing";
			productName = "Pixel Color Changing";
			productReference = 1C5DAF0E1CBD6C640021B65E /* Pixel Color Changing.app */;
			productType = "com.apple.product-type.application";
		};
		1C5DAF261CBD6C640021B65E /* Pixel Color ChangingTests */ = {
			isa = PBXNativeTarget;
			buildConfigurationList = 1C5DAF3E1CBD6C640021B65E /* Build configuration list for PBXNativeTarget "Pixel Color ChangingTests" */;
			buildPhases = (
				1C5DAF231CBD6C640021B65E /* Sources */,
				1C5DAF241CBD6C640021B65E /* Frameworks */,
				1C5DAF251CBD6C640021B65E /* Resources */,
			);
			buildRules = (
			);
			dependencies = (
				1C5DAF291CBD6C640021B65E /* PBXTargetDependency */,
			);
			name = "Pixel Color ChangingTests";
			productName = "Pixel Color ChangingTests";
			productReference = 1C5DAF271CBD6C640021B65E /* Pixel Color ChangingTests.xctest */;
			productType = "com.apple.product-type.bundle.unit-test";
		};
		1C5DAF311CBD6C640021B65E /* Pixel Color ChangingUITests */ = {
			isa = PBXNativeTarget;
			buildConfigurationList = 1C5DAF411CBD6C640021B65E /* Build configuration list for PBXNativeTarget "Pixel Color ChangingUITests" */;
			buildPhases = (
				1C5DAF2E1CBD6C640021B65E /* Sources */,
				1C5DAF2F1CBD6C640021B65E /* Frameworks */,
				1C5DAF301CBD6C640021B65E /* Resources */,
			);
			buildRules = (
			);
			dependencies = (
				1C5DAF341CBD6C640021B65E /* PBXTargetDependency */,
			);
			name = "Pixel Color ChangingUITests";
			productName = "Pixel Color ChangingUITests";
			productReference = 1C5DAF321CBD6C640021B65E /* Pixel Color ChangingUITests.xctest */;
			productType = "com.apple.product-type.bundle.ui-testing";
		};
/* End PBXNativeTarget section */

/* Begin PBXProject section */
		1C5DAF061CBD6C640021B65E /* Project object */ = {
			isa = PBXProject;
			attributes = {
				LastUpgradeCheck = 0730;
				ORGANIZATIONNAME = "Redonkulous Apps";
				TargetAttributes = {
					1C5DAF0D1CBD6C640021B65E = {
						CreatedOnToolsVersion = 7.3;
					};
					1C5DAF261CBD6C640021B65E = {
						CreatedOnToolsVersion = 7.3;
						TestTargetID = 1C5DAF0D1CBD6C640021B65E;
					};
					1C5DAF311CBD6C640021B65E = {
						CreatedOnToolsVersion = 7.3;
						TestTargetID = 1C5DAF0D1CBD6C640021B65E;
					};
				};
			};
			buildConfigurationList = 1C5DAF091CBD6C640021B65E /* Build configuration list for PBXProject "Pixel Color Changing" */;
			compatibilityVersion = "Xcode 3.2";
			developmentRegion = English;
			hasScannedForEncodings = 0;
			knownRegions = (
				en,
				Base,
			);
			mainGroup = 1C5DAF051CBD6C640021B65E;
			productRefGroup = 1C5DAF0F1CBD6C640021B65E /* Products */;
			projectDirPath = "";
			projectRoot = "";
			targets = (
				1C5DAF0D1CBD6C640021B65E /* Pixel Color Changing */,
				1C5DAF261CBD6C640021B65E /* Pixel Color ChangingTests */,
				1C5DAF311CBD6C640021B65E /* Pixel Color ChangingUITests */,
			);
		};
/* End PBXProject section */

/* Begin PBXResourcesBuildPhase section */
		1C5DAF0C1CBD6C640021B65E /* Resources */ = {
			isa = PBXResourcesBuildPhase;
			buildActionMask = 2147483647;
			files = (
				1C5DAF211CBD6C640021B65E /* LaunchScreen.storyboard in Resources */,
				1C5DAF4B1CBD88930021B65E /* img2.png in Resources */,
				1C5DAF1E1CBD6C640021B65E /* Assets.xcassets in Resources */,
				1C5DAF1C1CBD6C640021B65E /* Main.storyboard in Resources */,
				1C5DAF4A1CBD88930021B65E /* img.png in Resources */,
			);
			runOnlyForDeploymentPostprocessing = 0;
		};
		1C5DAF251CBD6C640021B65E /* Resources */ = {
			isa = PBXResourcesBuildPhase;
			buildActionMask = 2147483647;
			files = (
			);
			runOnlyForDeploymentPostprocessing = 0;
		};
		1C5DAF301CBD6C640021B65E /* Resources */ = {
			isa = PBXResourcesBuildPhase;
			buildActionMask = 2147483647;
			files = (
			);
			runOnlyForDeploymentPostprocessing = 0;
		};
/* End PBXResourcesBuildPhase section */

/* Begin PBXSourcesBuildPhase section */
		1C5DAF0A1CBD6C640021B65E /* Sources */ = {
			isa = PBXSourcesBuildPhase;
			buildActionMask = 2147483647;
			files = (
				1C5DAF191CBD6C640021B65E /* ViewController.m in Sources */,
				1C5DAF161CBD6C640021B65E /* AppDelegate.m in Sources */,
				1C5DAF131CBD6C640021B65E /* main.m in Sources */,
			);
			runOnlyForDeploymentPostprocessing = 0;
		};
		1C5DAF231CBD6C640021B65E /* Sources */ = {
			isa = PBXSourcesBuildPhase;
			buildActionMask = 2147483647;
			files = (
				1C5DAF2C1CBD6C640021B65E /* Pixel_Color_ChangingTests.m in Sources */,
			);
			runOnlyForDeploymentPostprocessing = 0;
		};
		1C5DAF2E1CBD6C640021B65E /* Sources */ = {
			isa = PBXSourcesBuildPhase;
			buildActionMask = 2147483647;
			files = (
				1C5DAF371CBD6C640021B65E /* Pixel_Color_ChangingUITests.m in Sources */,
			);
			runOnlyForDeploymentPostprocessing = 0;
		};
/* End PBXSourcesBuildPhase section */

/* Begin PBXTargetDependency section */
		1C5DAF291CBD6C640021B65E /* PBXTargetDependency */ = {
			isa = PBXTargetDependency;
			target = 1C5DAF0D1CBD6C640021B65E /* Pixel Color Changing */;
			targetProxy = 1C5DAF281CBD6C640021B65E /* PBXContainerItemProxy */;
		};
		1C5DAF341CBD6C640021B65E /* PBXTargetDependency */ = {
			isa = PBXTargetDependency;
			target = 1C5DAF0D1CBD6C640021B65E /* Pixel Color Changing */;
			targetProxy = 1C5DAF331CBD6C640021B65E /* PBXContainerItemProxy */;
		};
/* End PBXTargetDependency section */

/* Begin PBXVariantGroup section */
		1C5DAF1A1CBD6C640021B65E /* Main.storyboard */ = {
			isa = PBXVariantGroup;
			children = (
				1C5DAF1B1CBD6C640021B65E /* Base */,
			);
			name = Main.storyboard;
			sourceTree = "<group>";
		};
		1C5DAF1F1CBD6C640021B65E /* LaunchScreen.storyboard */ = {
			isa = PBXVariantGroup;
			children = (
				1C5DAF201CBD6C640021B65E /* Base */,
			);
			name = LaunchScreen.storyboard;
			sourceTree = "<group>";
		};
/* End PBXVariantGroup section */

/* Begin XCBuildConfiguration section */
		1C5DAF391CBD6C640021B65E /* Debug */ = {
			isa = XCBuildConfiguration;
			buildSettings = {
				ALWAYS_SEARCH_USER_PATHS = NO;
				CLANG_ANALYZER_NONNULL = YES;
				CLANG_CXX_LANGUAGE_STANDARD = "gnu++0x";
				CLANG_CXX_LIBRARY = "libc++";
				CLANG_ENABLE_MODULES = YES;
				CLANG_ENABLE_OBJC_ARC = YES;
				CLANG_WARN_BOOL_CONVERSION = YES;
				CLANG_WARN_CONSTANT_CONVERSION = YES;
				CLANG_WARN_DIRECT_OBJC_ISA_USAGE = YES_ERROR;
				CLANG_WARN_EMPTY_BODY = YES;
				CLANG_WARN_ENUM_CONVERSION = YES;
				CLANG_WARN_INT_CONVERSION = YES;
				CLANG_WARN_OBJC_ROOT_CLASS = YES_ERROR;
				CLANG_WARN_UNREACHABLE_CODE = YES;
				CLANG_WARN__DUPLICATE_METHOD_MATCH = YES;
				"CODE_SIGN_IDENTITY[sdk=iphoneos*]" = "iPhone Developer";
				COPY_PHASE_STRIP = NO;
				DEBUG_INFORMATION_FORMAT = dwarf;
				ENABLE_STRICT_OBJC_MSGSEND = YES;
				ENABLE_TESTABILITY = YES;
				GCC_C_LANGUAGE_STANDARD = gnu99;
				GCC_DYNAMIC_NO_PIC = NO;
				GCC_NO_COMMON_BLOCKS = YES;
				GCC_OPTIMIZATION_LEVEL = 0;
				GCC_PREPROCESSOR_DEFINITIONS = (
					"DEBUG=1",
					"$(inherited)",
				);
				GCC_WARN_64_TO_32_BIT_CONVERSION = YES;
				GCC_WARN_ABOUT_RETURN_TYPE = YES_ERROR;
				GCC_WARN_UNDECLARED_SELECTOR = YES;
				GCC_WARN_UNINITIALIZED_AUTOS = YES_AGGRESSIVE;
				GCC_WARN_UNUSED_FUNCTION = YES;
				GCC_WARN_UNUSED_VARIABLE = YES;
				IPHONEOS_DEPLOYMENT_TARGET = 9.3;
				MTL_ENABLE_DEBUG_INFO = YES;
				ONLY_ACTIVE_ARCH = YES;
				SDKROOT = iphoneos;
				TARGETED_DEVICE_FAMILY = "1,2";
			};
			name = Debug;
		};
		1C5DAF3A1CBD6C640021B65E /* Release */ = {
			isa = XCBuildConfiguration;
			buildSettings = {
				ALWAYS_SEARCH_USER_PATHS = NO;
				CLANG_ANALYZER_NONNULL = YES;
				CLANG_CXX_LANGUAGE_STANDARD = "gnu++0x";
				CLANG_CXX_LIBRARY = "libc++";
				CLANG_ENABLE_MODULES = YES;
				CLANG_ENABLE_OBJC_ARC = YES;
				CLANG_WARN_BOOL_CONVERSION = YES;
				CLANG_WARN_CONSTANT_CONVERSION = YES;
				CLANG_WARN_DIRECT_OBJC_ISA_USAGE = YES_ERROR;
				CLANG_WARN_EMPTY_BODY = YES;
				CLANG_WARN_ENUM_CONVERSION = YES;
				CLANG_WARN_INT_CONVERSION = YES;
				CLANG_WARN_OBJC_ROOT_CLASS = YES_ERROR;
				CLANG_WARN_UNREACHABLE_CODE = YES;
				CLANG_WARN__DUPLICATE_METHOD_MATCH = YES;
				"CODE_SIGN_IDENTITY[sdk=iphoneos*]" = "iPhone Developer";
				COPY_PHASE_STRIP = NO;
				DEBUG_INFORMATION_FORMAT = "dwarf-with-dsym";
				ENABLE_NS_ASSERTIONS = NO;
				ENABLE_STRICT_OBJC_MSGSEND = YES;
				GCC_C_LANGUAGE_STANDARD = gnu99;
				GCC_NO_COMMON_BLOCKS = YES;
				GCC_WARN_64_TO_32_BIT_CONVERSION = YES;
				GCC_WARN_ABOUT_RETURN_TYPE = YES_ERROR;
				GCC_WARN_UNDECLARED_SELECTOR = YES;
				GCC_WARN_UNINITIALIZED_AUTOS = YES_AGGRESSIVE;
				GCC_WARN_UNUSED_FUNCTION = YES;
				GCC_WARN_UNUSED_VARIABLE = YES;
				IPHONEOS_DEPLOYMENT_TARGET = 9.3;
				MTL_ENABLE_DEBUG_INFO = NO;
				SDKROOT = iphoneos;
				TARGETED_DEVICE_FAMILY = "1,2";
				VALIDATE_PRODUCT = YES;
			};
			name = Release;
		};
		1C5DAF3C1CBD6C640021B65E /* Debug */ = {
			isa = XCBuildConfiguration;
			buildSettings = {
				ASSETCATALOG_COMPILER_APPICON_NAME = AppIcon;
				INFOPLIST_FILE = "Pixel Color Changing/Info.plist";
				LD_RUNPATH_SEARCH_PATHS = "$(inherited) @executable_path/Frameworks";
				PRODUCT_BUNDLE_IDENTIFIER = "com.redonkulousapps.Pixel-Color-Changing";
				PRODUCT_NAME = "$(TARGET_NAME)";
			};
			name = Debug;
		};
		1C5DAF3D1CBD6C640021B65E /* Release */ = {
			isa = XCBuildConfiguration;
			buildSettings = {
				ASSETCATALOG_COMPILER_APPICON_NAME = AppIcon;
				INFOPLIST_FILE = "Pixel Color Changing/Info.plist";
				LD_RUNPATH_SEARCH_PATHS = "$(inherited) @executable_path/Frameworks";
				PRODUCT_BUNDLE_IDENTIFIER = "com.redonkulousapps.Pixel-Color-Changing";
				PRODUCT_NAME = "$(TARGET_NAME)";
			};
			name = Release;
		};
		1C5DAF3F1CBD6C640021B65E /* Debug */ = {
			isa = XCBuildConfiguration;
			buildSettings = {
				BUNDLE_LOADER = "$(TEST_HOST)";
				INFOPLIST_FILE = "Pixel Color ChangingTests/Info.plist";
				LD_RUNPATH_SEARCH_PATHS = "$(inherited) @executable_path/Frameworks @loader_path/Frameworks";
				PRODUCT_BUNDLE_IDENTIFIER = "com.redonkulousapps.Pixel-Color-ChangingTests";
				PRODUCT_NAME = "$(TARGET_NAME)";
				TEST_HOST = "$(BUILT_PRODUCTS_DIR)/Pixel Color Changing.app/Pixel Color Changing";
			};
			name = Debug;
		};
		1C5DAF401CBD6C640021B65E /* Release */ = {
			isa = XCBuildConfiguration;
			buildSettings = {
				BUNDLE_LOADER = "$(TEST_HOST)";
				INFOPLIST_FILE = "Pixel Color ChangingTests/Info.plist";
				LD_RUNPATH_SEARCH_PATHS = "$(inherited) @executable_path/Frameworks @loader_path/Frameworks";
				PRODUCT_BUNDLE_IDENTIFIER = "com.redonkulousapps.Pixel-Color-ChangingTests";
				PRODUCT_NAME = "$(TARGET_NAME)";
				TEST_HOST = "$(BUILT_PRODUCTS_DIR)/Pixel Color Changing.app/Pixel Color Changing";
			};
			name = Release;
		};
		1C5DAF421CBD6C640021B65E /* Debug */ = {
			isa = XCBuildConfiguration;
			buildSettings = {
				INFOPLIST_FILE = "Pixel Color ChangingUITests/Info.plist";
				LD_RUNPATH_SEARCH_PATHS = "$(inherited) @executable_path/Frameworks @loader_path/Frameworks";
				PRODUCT_BUNDLE_IDENTIFIER = "com.redonkulousapps.Pixel-Color-ChangingUITests";
				PRODUCT_NAME = "$(TARGET_NAME)";
				TEST_TARGET_NAME = "Pixel Color Changing";
			};
			name = Debug;
		};
		1C5DAF431CBD6C640021B65E /* Release */ = {
			isa = XCBuildConfiguration;
			buildSettings = {
				INFOPLIST_FILE = "Pixel Color ChangingUITests/Info.plist";
				LD_RUNPATH_SEARCH_PATHS = "$(inherited) @executable_path/Frameworks @loader_path/Frameworks";
				PRODUCT_BUNDLE_IDENTIFIER = "com.redonkulousapps.Pixel-Color-ChangingUITests";
				PRODUCT_NAME = "$(TARGET_NAME)";
				TEST_TARGET_NAME = "Pixel Color Changing";
			};
			name = Release;
		};
/* End XCBuildConfiguration section */

/* Begin XCConfigurationList section */
		1C5DAF091CBD6C640021B65E /* Build configuration list for PBXProject "Pixel Color Changing" */ = {
			isa = XCConfigurationList;
			buildConfigurations = (
				1C5DAF391CBD6C640021B65E /* Debug */,
				1C5DAF3A1CBD6C640021B65E /* Release */,
			);
			defaultConfigurationIsVisible = 0;
			defaultConfigurationName = Release;
		};
		1C5DAF3B1CBD6C640021B65E /* Build configuration list for PBXNativeTarget "Pixel Color Changing" */ = {
			isa = XCConfigurationList;
			buildConfigurations = (
				1C5DAF3C1CBD6C640021B65E /* Debug */,
				1C5DAF3D1CBD6C640021B65E /* Release */,
			);
			defaultConfigurationIsVisible = 0;
		};
		1C5DAF3E1CBD6C640021B65E /* Build configuration list for PBXNativeTarget "Pixel Color ChangingTests" */ = {
			isa = XCConfigurationList;
			buildConfigurations = (
				1C5DAF3F1CBD6C640021B65E /* Debug */,
				1C5DAF401CBD6C640021B65E /* Release */,
			);
			defaultConfigurationIsVisible = 0;
		};
		1C5DAF411CBD6C640021B65E /* Build configuration list for PBXNativeTarget "Pixel Color ChangingUITests" */ = {
			isa = XCConfigurationList;
			buildConfigurations = (
				1C5DAF421CBD6C640021B65E /* Debug */,
				1C5DAF431CBD6C640021B65E /* Release */,
			);
			defaultConfigurationIsVisible = 0;
		};
/* End XCConfigurationList section */
	};
	rootObject = 1C5DAF061CBD6C640021B65E /* Project object */;
}
